
Microsoft Visual Studio Solution File, Format Version 12.00
# Visual Studio Version 16
VisualStudioVersion = 25.0.1704.0
MinimumVisualStudioVersion = 10.0.40219.1
Project("{FAE04EC0-301F-11D3-BF4B-00C04F79EFBC}") = "Assembly-CSharp", "Assembly-CSharp.csproj", "{E3A2EAF7-4578-1C0E-7CC0-9EA1D3C296DF}"
EndProject
Global
	GlobalSection(SolutionConfigurationPlatforms) = preSolution
		Debug|Any CPU = Debug|Any CPU
		Release|Any CPU = Release|Any CPU
	EndGlobalSection
	GlobalSection(ProjectConfigurationPlatforms) = postSolution
		{E3A2EAF7-4578-1C0E-7CC0-9EA1D3C296DF}.Debug|Any CPU.ActiveCfg = Debug|Any CPU
		{E3A2EAF7-4578-1C0E-7CC0-9EA1D3C296DF}.Debug|Any CPU.Build.0 = Debug|Any CPU
		{E3A2EAF7-4578-1C0E-7CC0-9EA1D3C296DF}.Release|Any CPU.ActiveCfg = Release|Any CPU
		{E3A2EAF7-4578-1C0E-7CC0-9EA1D3C296DF}.Release|Any CPU.Build.0 = Release|Any CPU
	EndGlobalSection
	GlobalSection(SolutionProperties) = preSolution
		HideSolutionNode = FALSE
	EndGlobalSection
	GlobalSection(ExtensibilityGlobals) = postSolution
		SolutionGuid = {FF5B7641-F5D3-4EBC-B28B-68F3E1733D1D}
	EndGlobalSection
EndGlobal
